{
  "name": "fullstack-los-angeles",
  "lockfileVersion": 3,
  "requires": true,
  "packages": {
    "": {
      "dependencies": {
        "nodemo": "^1.0.0"
      }
    },
    "node_modules/nodemo": {
      "version": "1.0.0",
      "resolved": "https://registry.npmjs.org/nodemo/-/nodemo-1.0.0.tgz",
      "integrity": "sha512-INtNzVJ7JDuxYO6uGchMXRVDFKVKsGDeY16X/Izu77biLeE0+Nt1qW4zS8XRLU6en8DbSWZKxDcj2z9rNIclfw=="
    }
  }
}
